Microsoft Visual Studio Solution File, Format Version 12.00
# Visual Studio Version 17
VisualStudioVersion = 17.5.2.0
MinimumVisualStudioVersion = 10.0.40219.1
Project("{2150E333-8FDC-42A3-9474-1A3956D46DE8}") = "Backend", "Backend", "{1AE8ACA6-933B-BF2A-3671-3E2EAC007D16}"
EndProject
Project("{FAE04EC0-301F-11D3-BF4B-00C04F79EFBC}") = "MHBackend", "Backend\MHBackend\MHBackend.csproj", "{1DD038A9-DBC2-ACAE-EB24-61A8946EADAF}"
EndProject
Global
	GlobalSection(SolutionConfigurationPlatforms) = preSolution
		Debug|Any CPU = Debug|Any CPU
		Release|Any CPU = Release|Any CPU
	EndGlobalSection
	GlobalSection(ProjectConfigurationPlatforms) = postSolution
		{1DD038A9-DBC2-ACAE-EB24-61A8946EADAF}.Debug|Any CPU.ActiveCfg = Debug|Any CPU
		{1DD038A9-DBC2-ACAE-EB24-61A8946EADAF}.Debug|Any CPU.Build.0 = Debug|Any CPU
		{1DD038A9-DBC2-ACAE-EB24-61A8946EADAF}.Release|Any CPU.ActiveCfg = Release|Any CPU
		{1DD038A9-DBC2-ACAE-EB24-61A8946EADAF}.Release|Any CPU.Build.0 = Release|Any CPU
	EndGlobalSection
	GlobalSection(SolutionProperties) = preSolution
		HideSolutionNode = FALSE
	EndGlobalSection
	GlobalSection(NestedProjects) = preSolution
		{1DD038A9-DBC2-ACAE-EB24-61A8946EADAF} = {1AE8ACA6-933B-BF2A-3671-3E2EAC007D16}
	EndGlobalSection
	GlobalSection(ExtensibilityGlobals) = postSolution
		SolutionGuid = {C3271A39-FD63-4094-ADC8-BEA5BC1BA193}
	EndGlobalSection
EndGlobal
